
Microsoft Visual Studio Solution File, Format Version 12.00
# Visual Studio Version 17
VisualStudioVersion = 17.4.33403.182
MinimumVisualStudioVersion = 10.0.40219.1
Project("{9A19103F-16F7-4668-BE54-9A1E7A4F7556}") = "MIS3033_002_LC_0828_AbigailPidgeon", "MIS3033_002_LC_0828_AbigailPidgeon\MIS3033_002_LC_0828_AbigailPidgeon.csproj", "{8362A500-91EF-4E87-BA98-0AC7632674F6}"
EndProject
Project("{FAE04EC0-301F-11D3-BF4B-00C04F79EFBC}") = "Second", "Second\Second.csproj", "{B90BBD15-B22D-429E-A7F0-72038ABC478B}"
EndProject
Global
	GlobalSection(SolutionConfigurationPlatforms) = preSolution
		Debug|Any CPU = Debug|Any CPU
		Release|Any CPU = Release|Any CPU
	EndGlobalSection
	GlobalSection(ProjectConfigurationPlatforms) = postSolution
		{8362A500-91EF-4E87-BA98-0AC7632674F6}.Debug|Any CPU.ActiveCfg = Debug|Any CPU
		{8362A500-91EF-4E87-BA98-0AC7632674F6}.Debug|Any CPU.Build.0 = Debug|Any CPU
		{8362A500-91EF-4E87-BA98-0AC7632674F6}.Release|Any CPU.ActiveCfg = Release|Any CPU
		{8362A500-91EF-4E87-BA98-0AC7632674F6}.Release|Any CPU.Build.0 = Release|Any CPU
		{B90BBD15-B22D-429E-A7F0-72038ABC478B}.Debug|Any CPU.ActiveCfg = Debug|Any CPU
		{B90BBD15-B22D-429E-A7F0-72038ABC478B}.Debug|Any CPU.Build.0 = Debug|Any CPU
		{B90BBD15-B22D-429E-A7F0-72038ABC478B}.Release|Any CPU.ActiveCfg = Release|Any CPU
		{B90BBD15-B22D-429E-A7F0-72038ABC478B}.Release|Any CPU.Build.0 = Release|Any CPU
	EndGlobalSection
	GlobalSection(SolutionProperties) = preSolution
		HideSolutionNode = FALSE
	EndGlobalSection
	GlobalSection(ExtensibilityGlobals) = postSolution
		SolutionGuid = {614CA6C0-0EB4-4B9E-87FC-480F2F882DC9}
	EndGlobalSection
EndGlobal
